
Microsoft Visual Studio Solution File, Format Version 12.00
# Visual Studio Version 17
VisualStudioVersion = 17.4.33213.308
MinimumVisualStudioVersion = 10.0.40219.1
Project("{9A19103F-16F7-4668-BE54-9A1E7A4F7556}") = "Microsoft.IO.RecyclableMemoryStream", "src\Microsoft.IO.RecyclableMemoryStream.csproj", "{4B52F0CE-5F4C-43E7-A054-50CA0A502CF3}"
EndProject
Project("{9A19103F-16F7-4668-BE54-9A1E7A4F7556}") = "UnitTests", "UnitTests\UnitTests.csproj", "{419C9F3D-71CC-4F95-8324-E15CD0D1E754}"
EndProject
Project("{2150E333-8FDC-42A3-9474-1A3956D46DE8}") = "Solution Items", "Solution Items", "{DF4A161A-7C52-46A2-A0ED-427C1C6F29AA}"
	ProjectSection(SolutionItems) = preProject
		.editorconfig = .editorconfig
		CHANGES.md = CHANGES.md
		Directory.Build.props = Directory.Build.props
		global.json = global.json
		LICENSE = LICENSE
		README.md = README.md
	EndProjectSection
EndProject
Project("{2150E333-8FDC-42A3-9474-1A3956D46DE8}") = ".github", ".github", "{937E12C6-9E9E-438A-86C2-102E1D0C6826}"
	ProjectSection(SolutionItems) = preProject
		.github\dependabot.yml = .github\dependabot.yml
	EndProjectSection
EndProject
Project("{2150E333-8FDC-42A3-9474-1A3956D46DE8}") = "workflows", "workflows", "{0ED3EBE5-1575-4649-A1F9-3D24BFFC4A9B}"
	ProjectSection(SolutionItems) = preProject
		.github\workflows\benchmark.yml = .github\workflows\benchmark.yml
		.github\workflows\ci-cd.yml = .github\workflows\ci-cd.yml
		.github\workflows\codeql-analysis.yml = .github\workflows\codeql-analysis.yml
	EndProjectSection
EndProject
Project("{9A19103F-16F7-4668-BE54-9A1E7A4F7556}") = "BenchmarkTests", "BenchmarkTests\BenchmarkTests.csproj", "{731CCC6D-2583-4CB0-A439-8173E9722E4D}"
EndProject
Project("{9A19103F-16F7-4668-BE54-9A1E7A4F7556}") = "Examples", "Examples\Examples.csproj", "{9CFCED9A-7439-491A-8F24-827241280DA6}"
EndProject
Global
	GlobalSection(SolutionConfigurationPlatforms) = preSolution
		Debug|Any CPU = Debug|Any CPU
		Release|Any CPU = Release|Any CPU
	EndGlobalSection
	GlobalSection(ProjectConfigurationPlatforms) = postSolution
		{4B52F0CE-5F4C-43E7-A054-50CA0A502CF3}.Debug|Any CPU.ActiveCfg = Debug|Any CPU
		{4B52F0CE-5F4C-43E7-A054-50CA0A502CF3}.Debug|Any CPU.Build.0 = Debug|Any CPU
		{4B52F0CE-5F4C-43E7-A054-50CA0A502CF3}.Release|Any CPU.ActiveCfg = Release|Any CPU
		{4B52F0CE-5F4C-43E7-A054-50CA0A502CF3}.Release|Any CPU.Build.0 = Release|Any CPU
		{419C9F3D-71CC-4F95-8324-E15CD0D1E754}.Debug|Any CPU.ActiveCfg = Debug|Any CPU
		{419C9F3D-71CC-4F95-8324-E15CD0D1E754}.Debug|Any CPU.Build.0 = Debug|Any CPU
		{419C9F3D-71CC-4F95-8324-E15CD0D1E754}.Release|Any CPU.ActiveCfg = Release|Any CPU
		{419C9F3D-71CC-4F95-8324-E15CD0D1E754}.Release|Any CPU.Build.0 = Release|Any CPU
		{731CCC6D-2583-4CB0-A439-8173E9722E4D}.Debug|Any CPU.ActiveCfg = Debug|Any CPU
		{731CCC6D-2583-4CB0-A439-8173E9722E4D}.Debug|Any CPU.Build.0 = Debug|Any CPU
		{731CCC6D-2583-4CB0-A439-8173E9722E4D}.Release|Any CPU.ActiveCfg = Release|Any CPU
		{731CCC6D-2583-4CB0-A439-8173E9722E4D}.Release|Any CPU.Build.0 = Release|Any CPU
		{9CFCED9A-7439-491A-8F24-827241280DA6}.Debug|Any CPU.ActiveCfg = Debug|Any CPU
		{9CFCED9A-7439-491A-8F24-827241280DA6}.Debug|Any CPU.Build.0 = Debug|Any CPU
		{9CFCED9A-7439-491A-8F24-827241280DA6}.Release|Any CPU.ActiveCfg = Release|Any CPU
		{9CFCED9A-7439-491A-8F24-827241280DA6}.Release|Any CPU.Build.0 = Release|Any CPU
	EndGlobalSection
	GlobalSection(SolutionProperties) = preSolution
		HideSolutionNode = FALSE
	EndGlobalSection
	GlobalSection(NestedProjects) = preSolution
		{937E12C6-9E9E-438A-86C2-102E1D0C6826} = {DF4A161A-7C52-46A2-A0ED-427C1C6F29AA}
		{0ED3EBE5-1575-4649-A1F9-3D24BFFC4A9B} = {937E12C6-9E9E-438A-86C2-102E1D0C6826}
	EndGlobalSection
	GlobalSection(ExtensibilityGlobals) = postSolution
		SolutionGuid = {D5E147AF-721B-469D-AD77-A00A290340AC}
	EndGlobalSection
EndGlobal
