
Microsoft Visual Studio Solution File, Format Version 12.00
# Visual Studio 2013
VisualStudioVersion = 12.0.30723.0
MinimumVisualStudioVersion = 10.0.40219.1
Project("{FAE04EC0-301F-11D3-BF4B-00C04F79EFBC}") = "Microsoft.IO.RecyclableMemoryStream", "src\Microsoft.IO.RecyclableMemoryStream.csproj", "{4B52F0CE-5F4C-43E7-A054-50CA0A502CF3}"
EndProject
Project("{FAE04EC0-301F-11D3-BF4B-00C04F79EFBC}") = "UnitTests", "UnitTests\UnitTests.csproj", "{419C9F3D-71CC-4F95-8324-E15CD0D1E754}"
EndProject
Global
	GlobalSection(SolutionConfigurationPlatforms) = preSolution
		Debug|Any CPU = Debug|Any CPU
		Release|Any CPU = Release|Any CPU
	EndGlobalSection
	GlobalSection(ProjectConfigurationPlatforms) = postSolution
		{4B52F0CE-5F4C-43E7-A054-50CA0A502CF3}.Debug|Any CPU.ActiveCfg = Debug|Any CPU
		{4B52F0CE-5F4C-43E7-A054-50CA0A502CF3}.Debug|Any CPU.Build.0 = Debug|Any CPU
		{4B52F0CE-5F4C-43E7-A054-50CA0A502CF3}.Release|Any CPU.ActiveCfg = Release|Any CPU
		{4B52F0CE-5F4C-43E7-A054-50CA0A502CF3}.Release|Any CPU.Build.0 = Release|Any CPU
		{419C9F3D-71CC-4F95-8324-E15CD0D1E754}.Debug|Any CPU.ActiveCfg = Debug|Any CPU
		{419C9F3D-71CC-4F95-8324-E15CD0D1E754}.Debug|Any CPU.Build.0 = Debug|Any CPU
		{419C9F3D-71CC-4F95-8324-E15CD0D1E754}.Release|Any CPU.ActiveCfg = Release|Any CPU
		{419C9F3D-71CC-4F95-8324-E15CD0D1E754}.Release|Any CPU.Build.0 = Release|Any CPU
	EndGlobalSection
	GlobalSection(SolutionProperties) = preSolution
		HideSolutionNode = FALSE
	EndGlobalSection
EndGlobal
